// !$*UTF8*$!
{
	archiveVersion = 1;
	classes = {
	};
	objectVersion = 46;
	objects = {

/* Begin PBXBuildFile section */
		C9B070D01BDA623600A8DD1C /* main.m in Sources */ = {isa = PBXBuildFile; fileRef = C9B070CF1BDA623600A8DD1C /* main.m */; };
		C9B070D31BDA623600A8DD1C /* AppDelegate.m in Sources */ = {isa = PBXBuildFile; fileRef = C9B070D21BDA623600A8DD1C /* AppDelegate.m */; };
		C9B070D61BDA623600A8DD1C /* ITSTableViewListController.m in Sources */ = {isa = PBXBuildFile; fileRef = C9B070D51BDA623600A8DD1C /* ITSTableViewListController.m */; };
		C9B070D91BDA623600A8DD1C /* DetailViewController.m in Sources */ = {isa = PBXBuildFile; fileRef = C9B070D81BDA623600A8DD1C /* DetailViewController.m */; };
		C9B070DC1BDA623600A8DD1C /* Main.storyboard in Resources */ = {isa = PBXBuildFile; fileRef = C9B070DA1BDA623600A8DD1C /* Main.storyboard */; };
		C9B070DE1BDA623600A8DD1C /* Assets.xcassets in Resources */ = {isa = PBXBuildFile; fileRef = C9B070DD1BDA623600A8DD1C /* Assets.xcassets */; };
		C9B070E11BDA623600A8DD1C /* LaunchScreen.storyboard in Resources */ = {isa = PBXBuildFile; fileRef = C9B070DF1BDA623600A8DD1C /* LaunchScreen.storyboard */; };
		C9B070EC1BDA623600A8DD1C /* iTunesSearchTests.m in Sources */ = {isa = PBXBuildFile; fileRef = C9B070EB1BDA623600A8DD1C /* iTunesSearchTests.m */; };
		C9B070FE1BDA8C8900A8DD1C /* Domain.h in Headers */ = {isa = PBXBuildFile; fileRef = C9B070FD1BDA8C8900A8DD1C /* Domain.h */; settings = {ATTRIBUTES = (Public, ); }; };
		C9B071051BDA8C8900A8DD1C /* Domain.framework in Frameworks */ = {isa = PBXBuildFile; fileRef = C9B070FB1BDA8C8900A8DD1C /* Domain.framework */; };
		C9B0710C1BDA8C8900A8DD1C /* DomainTests.m in Sources */ = {isa = PBXBuildFile; fileRef = C9B0710B1BDA8C8900A8DD1C /* DomainTests.m */; };
		C9B071211BDA8CAA00A8DD1C /* Presenters.h in Headers */ = {isa = PBXBuildFile; fileRef = C9B071201BDA8CAA00A8DD1C /* Presenters.h */; settings = {ATTRIBUTES = (Public, ); }; };
		C9B071281BDA8CAA00A8DD1C /* Presenters.framework in Frameworks */ = {isa = PBXBuildFile; fileRef = C9B0711E1BDA8CAA00A8DD1C /* Presenters.framework */; };
		C9B0712F1BDA8CAA00A8DD1C /* PresentersTests.m in Sources */ = {isa = PBXBuildFile; fileRef = C9B0712E1BDA8CAA00A8DD1C /* PresentersTests.m */; };
		C9B071331BDA8CAA00A8DD1C /* Presenters.framework in Frameworks */ = {isa = PBXBuildFile; fileRef = C9B0711E1BDA8CAA00A8DD1C /* Presenters.framework */; };
		C9B071341BDA8CAA00A8DD1C /* Presenters.framework in Embed Frameworks */ = {isa = PBXBuildFile; fileRef = C9B0711E1BDA8CAA00A8DD1C /* Presenters.framework */; settings = {ATTRIBUTES = (CodeSignOnCopy, RemoveHeadersOnCopy, ); }; };
		C9B0713F1BDA8FD400A8DD1C /* ITSSearchNetworkProtocol.h in Headers */ = {isa = PBXBuildFile; fileRef = C9B0713E1BDA8FD400A8DD1C /* ITSSearchNetworkProtocol.h */; };
		C9B071421BDA903000A8DD1C /* ITSNetworkManager.h in Headers */ = {isa = PBXBuildFile; fileRef = C9B071401BDA903000A8DD1C /* ITSNetworkManager.h */; };
		C9B071431BDA903000A8DD1C /* ITSNetworkManager.m in Sources */ = {isa = PBXBuildFile; fileRef = C9B071411BDA903000A8DD1C /* ITSNetworkManager.m */; };
		C9B071471BDA96D700A8DD1C /* ITSSearchResult.h in Headers */ = {isa = PBXBuildFile; fileRef = C9B071451BDA96D700A8DD1C /* ITSSearchResult.h */; };
		C9B071481BDA96D700A8DD1C /* ITSSearchResult.m in Sources */ = {isa = PBXBuildFile; fileRef = C9B071461BDA96D700A8DD1C /* ITSSearchResult.m */; };
		C9B0714B1BDA96E600A8DD1C /* ITSSearchResultBuilder.h in Headers */ = {isa = PBXBuildFile; fileRef = C9B071491BDA96E600A8DD1C /* ITSSearchResultBuilder.h */; };
		C9B0714C1BDA96E600A8DD1C /* ITSSearchResultBuilder.m in Sources */ = {isa = PBXBuildFile; fileRef = C9B0714A1BDA96E600A8DD1C /* ITSSearchResultBuilder.m */; };
		C9B0714E1BDA970000A8DD1C /* ITSBuilderProtocol.h in Headers */ = {isa = PBXBuildFile; fileRef = C9B0714D1BDA970000A8DD1C /* ITSBuilderProtocol.h */; };
		C9B071511BDA97B000A8DD1C /* ITSSearchResultBuilderTestCase.m in Sources */ = {isa = PBXBuildFile; fileRef = C9B071501BDA97B000A8DD1C /* ITSSearchResultBuilderTestCase.m */; };
		C9B071521BDA97E700A8DD1C /* ITSSearchResultBuilder.m in Sources */ = {isa = PBXBuildFile; fileRef = C9B0714A1BDA96E600A8DD1C /* ITSSearchResultBuilder.m */; };
		C9B071531BDA97F500A8DD1C /* ITSSearchResult.m in Sources */ = {isa = PBXBuildFile; fileRef = C9B071461BDA96D700A8DD1C /* ITSSearchResult.m */; };
		C9B071571BDAA1BA00A8DD1C /* ITSGetSearchResultsInteractor.h in Headers */ = {isa = PBXBuildFile; fileRef = C9B071551BDAA1BA00A8DD1C /* ITSGetSearchResultsInteractor.h */; };
		C9B071581BDAA1BA00A8DD1C /* ITSGetSearchResultsInteractor.m in Sources */ = {isa = PBXBuildFile; fileRef = C9B071561BDAA1BA00A8DD1C /* ITSGetSearchResultsInteractor.m */; };
		C9B0715A1BDAA1CC00A8DD1C /* ITSInteractorProtocol.h in Headers */ = {isa = PBXBuildFile; fileRef = C9B071591BDAA1CC00A8DD1C /* ITSInteractorProtocol.h */; };
		C9B0715F1BDAA3FB00A8DD1C /* ITSGetSearchResultsInteractor.m in Sources */ = {isa = PBXBuildFile; fileRef = C9B071561BDAA1BA00A8DD1C /* ITSGetSearchResultsInteractor.m */; };
		C9B071601BDAA40300A8DD1C /* ITSNetworkManager.m in Sources */ = {isa = PBXBuildFile; fileRef = C9B071411BDA903000A8DD1C /* ITSNetworkManager.m */; };
		C9B071621BDAA4DB00A8DD1C /* ITSGetSearchResultsInteractorTestCase.m in Sources */ = {isa = PBXBuildFile; fileRef = C9B071611BDAA4DB00A8DD1C /* ITSGetSearchResultsInteractorTestCase.m */; };
		C9B071651BDAA62700A8DD1C /* SearchNetworkMock.m in Sources */ = {isa = PBXBuildFile; fileRef = C9B071641BDAA62700A8DD1C /* SearchNetworkMock.m */; };
		C9B071681BDAA93700A8DD1C /* BuilderMock.m in Sources */ = {isa = PBXBuildFile; fileRef = C9B071671BDAA93700A8DD1C /* BuilderMock.m */; };
		C9B0716B1BDAAC4400A8DD1C /* ITSSearchResultsPresenter.h in Headers */ = {isa = PBXBuildFile; fileRef = C9B071691BDAAC4400A8DD1C /* ITSSearchResultsPresenter.h */; };
		C9B0716C1BDAAC4400A8DD1C /* ITSSearchResultsPresenter.m in Sources */ = {isa = PBXBuildFile; fileRef = C9B0716A1BDAAC4400A8DD1C /* ITSSearchResultsPresenter.m */; };
		C9B0716E1BDAACC200A8DD1C /* ITSTableViewListControllerProtocol.h in Headers */ = {isa = PBXBuildFile; fileRef = C9B0716D1BDAACC200A8DD1C /* ITSTableViewListControllerProtocol.h */; };
		C9B071701BDAAE8800A8DD1C /* ITSTableViewListControllerItemProtocol.h in Headers */ = {isa = PBXBuildFile; fileRef = C9B0716F1BDAAE8800A8DD1C /* ITSTableViewListControllerItemProtocol.h */; };
		C9B071731BDAB0BD00A8DD1C /* ITSInteractorsFactory.h in Headers */ = {isa = PBXBuildFile; fileRef = C9B071711BDAB0BD00A8DD1C /* ITSInteractorsFactory.h */; };
		C9B071741BDAB0BD00A8DD1C /* ITSInteractorsFactory.m in Sources */ = {isa = PBXBuildFile; fileRef = C9B071721BDAB0BD00A8DD1C /* ITSInteractorsFactory.m */; };
		C9B071751BDAB1FA00A8DD1C /* ITSGetSearchResultsInteractor.h in Headers */ = {isa = PBXBuildFile; fileRef = C9B071551BDAA1BA00A8DD1C /* ITSGetSearchResultsInteractor.h */; };
		C9B071771BDBAEC300A8DD1C /* ITSSearchResultsPresenterProtocol.h in Headers */ = {isa = PBXBuildFile; fileRef = C9B071761BDBAEC300A8DD1C /* ITSSearchResultsPresenterProtocol.h */; };
		C9B0717C1BDBB15200A8DD1C /* ITSPresentersFactory.h in Headers */ = {isa = PBXBuildFile; fileRef = C9B0717A1BDBB15200A8DD1C /* ITSPresentersFactory.h */; };
		C9B0717D1BDBB15200A8DD1C /* ITSPresentersFactory.m in Sources */ = {isa = PBXBuildFile; fileRef = C9B0717B1BDBB15200A8DD1C /* ITSPresentersFactory.m */; };
		C9B0717F1BDBB22E00A8DD1C /* ITSInteractorsFactory.m in Sources */ = {isa = PBXBuildFile; fileRef = C9B071721BDAB0BD00A8DD1C /* ITSInteractorsFactory.m */; };
		C9B071801BDBB24000A8DD1C /* Domain.framework in Frameworks */ = {isa = PBXBuildFile; fileRef = C9B070FB1BDA8C8900A8DD1C /* Domain.framework */; };
		C9B071841BDBB3AB00A8DD1C /* ITSSearchResult+TableViewListControllerItem.h in Headers */ = {isa = PBXBuildFile; fileRef = C9B071821BDBB3AB00A8DD1C /* ITSSearchResult+TableViewListControllerItem.h */; };
		C9B071851BDBB3AB00A8DD1C /* ITSSearchResult+TableViewListControllerItem.m in Sources */ = {isa = PBXBuildFile; fileRef = C9B071831BDBB3AB00A8DD1C /* ITSSearchResult+TableViewListControllerItem.m */; };
		C9B071891BDBB6FF00A8DD1C /* InteractorInvoker.h in Headers */ = {isa = PBXBuildFile; fileRef = C9B071871BDBB6FF00A8DD1C /* InteractorInvoker.h */; };
		C9B0718A1BDBB6FF00A8DD1C /* InteractorInvoker.m in Sources */ = {isa = PBXBuildFile; fileRef = C9B071881BDBB6FF00A8DD1C /* InteractorInvoker.m */; };
		C9B0718C1BDBB71800A8DD1C /* InteractorInvokerProtocol.h in Headers */ = {isa = PBXBuildFile; fileRef = C9B0718B1BDBB71800A8DD1C /* InteractorInvokerProtocol.h */; };
		C9B071931BDBC03400A8DD1C /* ITSArtworkTableViewCell.m in Sources */ = {isa = PBXBuildFile; fileRef = C9B071921BDBC03400A8DD1C /* ITSArtworkTableViewCell.m */; };
		C9B071981BDBC54A00A8DD1C /* Domain.framework in Frameworks */ = {isa = PBXBuildFile; fileRef = C9B070FB1BDA8C8900A8DD1C /* Domain.framework */; };
		C9B071991BDBC54A00A8DD1C /* Domain.framework in Embed Frameworks */ = {isa = PBXBuildFile; fileRef = C9B070FB1BDA8C8900A8DD1C /* Domain.framework */; settings = {ATTRIBUTES = (CodeSignOnCopy, RemoveHeadersOnCopy, ); }; };
		C9B0719F1BDBC6E300A8DD1C /* NSURLSession+Sync.h in Headers */ = {isa = PBXBuildFile; fileRef = C9B0719D1BDBC6E300A8DD1C /* NSURLSession+Sync.h */; };
		C9B071A01BDBC6E300A8DD1C /* NSURLSession+Sync.m in Sources */ = {isa = PBXBuildFile; fileRef = C9B0719E1BDBC6E300A8DD1C /* NSURLSession+Sync.m */; };
		C9B071A31BDBCC2000A8DD1C /* ITSArtworkTableViewCell+NSURL.m in Sources */ = {isa = PBXBuildFile; fileRef = C9B071A21BDBCC2000A8DD1C /* ITSArtworkTableViewCell+NSURL.m */; };
/* End PBXBuildFile section */

/* Begin PBXContainerItemProxy section */
		C9B070E81BDA623600A8DD1C /* PBXContainerItemProxy */ = {
			isa = PBXContainerItemProxy;
			containerPortal = C9B070C31BDA623600A8DD1C /* Project object */;
			proxyType = 1;
			remoteGlobalIDString = C9B070CA1BDA623600A8DD1C;
			remoteInfo = iTunesSearch;
		};
		C9B071061BDA8C8900A8DD1C /* PBXContainerItemProxy */ = {
			isa = PBXContainerItemProxy;
			containerPortal = C9B070C31BDA623600A8DD1C /* Project object */;
			proxyType = 1;
			remoteGlobalIDString = C9B070FA1BDA8C8900A8DD1C;
			remoteInfo = Domain;
		};
		C9B071081BDA8C8900A8DD1C /* PBXContainerItemProxy */ = {
			isa = PBXContainerItemProxy;
			containerPortal = C9B070C31BDA623600A8DD1C /* Project object */;
			proxyType = 1;
			remoteGlobalIDString = C9B070CA1BDA623600A8DD1C;
			remoteInfo = iTunesSearch;
		};
		C9B071291BDA8CAA00A8DD1C /* PBXContainerItemProxy */ = {
			isa = PBXContainerItemProxy;
			containerPortal = C9B070C31BDA623600A8DD1C /* Project object */;
			proxyType = 1;
			remoteGlobalIDString = C9B0711D1BDA8CAA00A8DD1C;
			remoteInfo = Presenters;
		};
		C9B0712B1BDA8CAA00A8DD1C /* PBXContainerItemProxy */ = {
			isa = PBXContainerItemProxy;
			containerPortal = C9B070C31BDA623600A8DD1C /* Project object */;
			proxyType = 1;
			remoteGlobalIDString = C9B070CA1BDA623600A8DD1C;
			remoteInfo = iTunesSearch;
		};
		C9B071311BDA8CAA00A8DD1C /* PBXContainerItemProxy */ = {
			isa = PBXContainerItemProxy;
			containerPortal = C9B070C31BDA623600A8DD1C /* Project object */;
			proxyType = 1;
			remoteGlobalIDString = C9B0711D1BDA8CAA00A8DD1C;
			remoteInfo = Presenters;
		};
		C9B071941BDBC48800A8DD1C /* PBXContainerItemProxy */ = {
			isa = PBXContainerItemProxy;
			containerPortal = C9B070C31BDA623600A8DD1C /* Project object */;
			proxyType = 1;
			remoteGlobalIDString = C9B070FA1BDA8C8900A8DD1C;
			remoteInfo = Domain;
		};
		C9B0719A1BDBC54B00A8DD1C /* PBXContainerItemProxy */ = {
			isa = PBXContainerItemProxy;
			containerPortal = C9B070C31BDA623600A8DD1C /* Project object */;
			proxyType = 1;
			remoteGlobalIDString = C9B070FA1BDA8C8900A8DD1C;
			remoteInfo = Domain;
		};
/* End PBXContainerItemProxy section */

/* Begin PBXCopyFilesBuildPhase section */
		C9B071171BDA8C8900A8DD1C /* Embed Frameworks */ = {
			isa = PBXCopyFilesBuildPhase;
			buildActionMask = 2147483647;
			dstPath = "";
			dstSubfolderSpec = 10;
			files = (
				C9B071991BDBC54A00A8DD1C /* Domain.framework in Embed Frameworks */,
				C9B071341BDA8CAA00A8DD1C /* Presenters.framework in Embed Frameworks */,
			);
			name = "Embed Frameworks";
			runOnlyForDeploymentPostprocessing = 0;
		};
/* End PBXCopyFilesBuildPhase section */

/* Begin PBXFileReference section */
		C9B070CB1BDA623600A8DD1C /* iTunesSearch.app */ = {isa = PBXFileReference; explicitFileType = wrapper.application; includeInIndex = 0; path = iTunesSearch.app; sourceTree = BUILT_PRODUCTS_DIR; };
		C9B070CF1BDA623600A8DD1C /* main.m */ = {isa = PBXFileReference; lastKnownFileType = sourcecode.c.objc; path = main.m; sourceTree = "<group>"; };
		C9B070D11BDA623600A8DD1C /* AppDelegate.h */ = {isa = PBXFileReference; lastKnownFileType = sourcecode.c.h; path = AppDelegate.h; sourceTree = "<group>"; };
		C9B070D21BDA623600A8DD1C /* AppDelegate.m */ = {isa = PBXFileReference; lastKnownFileType = sourcecode.c.objc; path = AppDelegate.m; sourceTree = "<group>"; };
		C9B070D41BDA623600A8DD1C /* ITSTableViewListController.h */ = {isa = PBXFileReference; lastKnownFileType = sourcecode.c.h; path = ITSTableViewListController.h; sourceTree = "<group>"; };
		C9B070D51BDA623600A8DD1C /* ITSTableViewListController.m */ = {isa = PBXFileReference; lastKnownFileType = sourcecode.c.objc; path = ITSTableViewListController.m; sourceTree = "<group>"; };
		C9B070D71BDA623600A8DD1C /* DetailViewController.h */ = {isa = PBXFileReference; lastKnownFileType = sourcecode.c.h; path = DetailViewController.h; sourceTree = "<group>"; };
		C9B070D81BDA623600A8DD1C /* DetailViewController.m */ = {isa = PBXFileReference; lastKnownFileType = sourcecode.c.objc; path = DetailViewController.m; sourceTree = "<group>"; };
		C9B070DB1BDA623600A8DD1C /* Base */ = {isa = PBXFileReference; lastKnownFileType = file.storyboard; name = Base; path = Base.lproj/Main.storyboard; sourceTree = "<group>"; };
		C9B070DD1BDA623600A8DD1C /* Assets.xcassets */ = {isa = PBXFileReference; lastKnownFileType = folder.assetcatalog; path = Assets.xcassets; sourceTree = "<group>"; };
		C9B070E01BDA623600A8DD1C /* Base */ = {isa = PBXFileReference; lastKnownFileType = file.storyboard; name = Base; path = Base.lproj/LaunchScreen.storyboard; sourceTree = "<group>"; };
		C9B070E21BDA623600A8DD1C /* Info.plist */ = {isa = PBXFileReference; lastKnownFileType = text.plist.xml; path = Info.plist; sourceTree = "<group>"; };
		C9B070E71BDA623600A8DD1C /* iTunesSearchTests.xctest */ = {isa = PBXFileReference; explicitFileType = wrapper.cfbundle; includeInIndex = 0; path = iTunesSearchTests.xctest; sourceTree = BUILT_PRODUCTS_DIR; };
		C9B070EB1BDA623600A8DD1C /* iTunesSearchTests.m */ = {isa = PBXFileReference; lastKnownFileType = sourcecode.c.objc; path = iTunesSearchTests.m; sourceTree = "<group>"; };
		C9B070ED1BDA623600A8DD1C /* Info.plist */ = {isa = PBXFileReference; lastKnownFileType = text.plist.xml; path = Info.plist; sourceTree = "<group>"; };
		C9B070FB1BDA8C8900A8DD1C /* Domain.framework */ = {isa = PBXFileReference; explicitFileType = wrapper.framework; includeInIndex = 0; path = Domain.framework; sourceTree = BUILT_PRODUCTS_DIR; };
		C9B070FD1BDA8C8900A8DD1C /* Domain.h */ = {isa = PBXFileReference; lastKnownFileType = sourcecode.c.h; path = Domain.h; sourceTree = "<group>"; };
		C9B070FF1BDA8C8900A8DD1C /* Info.plist */ = {isa = PBXFileReference; lastKnownFileType = text.plist.xml; path = Info.plist; sourceTree = "<group>"; };
		C9B071041BDA8C8900A8DD1C /* DomainTests.xctest */ = {isa = PBXFileReference; explicitFileType = wrapper.cfbundle; includeInIndex = 0; path = DomainTests.xctest; sourceTree = BUILT_PRODUCTS_DIR; };
		C9B0710B1BDA8C8900A8DD1C /* DomainTests.m */ = {isa = PBXFileReference; lastKnownFileType = sourcecode.c.objc; path = DomainTests.m; sourceTree = "<group>"; };
		C9B0710D1BDA8C8900A8DD1C /* Info.plist */ = {isa = PBXFileReference; lastKnownFileType = text.plist.xml; path = Info.plist; sourceTree = "<group>"; };
		C9B0711E1BDA8CAA00A8DD1C /* Presenters.framework */ = {isa = PBXFileReference; explicitFileType = wrapper.framework; includeInIndex = 0; path = Presenters.framework; sourceTree = BUILT_PRODUCTS_DIR; };
		C9B071201BDA8CAA00A8DD1C /* Presenters.h */ = {isa = PBXFileReference; lastKnownFileType = sourcecode.c.h; path = Presenters.h; sourceTree = "<group>"; };
		C9B071221BDA8CAA00A8DD1C /* Info.plist */ = {isa = PBXFileReference; lastKnownFileType = text.plist.xml; path = Info.plist; sourceTree = "<group>"; };
		C9B071271BDA8CAA00A8DD1C /* PresentersTests.xctest */ = {isa = PBXFileReference; explicitFileType = wrapper.cfbundle; includeInIndex = 0; path = PresentersTests.xctest; sourceTree = BUILT_PRODUCTS_DIR; };
		C9B0712E1BDA8CAA00A8DD1C /* PresentersTests.m */ = {isa = PBXFileReference; lastKnownFileType = sourcecode.c.objc; path = PresentersTests.m; sourceTree = "<group>"; };
		C9B071301BDA8CAA00A8DD1C /* Info.plist */ = {isa = PBXFileReference; lastKnownFileType = text.plist.xml; path = Info.plist; sourceTree = "<group>"; };
		C9B0713E1BDA8FD400A8DD1C /* ITSSearchNetworkProtocol.h */ = {isa = PBXFileReference; fileEncoding = 4; lastKnownFileType = sourcecode.c.h; path = ITSSearchNetworkProtocol.h; sourceTree = "<group>"; };
		C9B071401BDA903000A8DD1C /* ITSNetworkManager.h */ = {isa = PBXFileReference; fileEncoding = 4; lastKnownFileType = sourcecode.c.h; path = ITSNetworkManager.h; sourceTree = "<group>"; };
		C9B071411BDA903000A8DD1C /* ITSNetworkManager.m */ = {isa = PBXFileReference; fileEncoding = 4; lastKnownFileType = sourcecode.c.objc; path = ITSNetworkManager.m; sourceTree = "<group>"; };
		C9B071451BDA96D700A8DD1C /* ITSSearchResult.h */ = {isa = PBXFileReference; fileEncoding = 4; lastKnownFileType = sourcecode.c.h; path = ITSSearchResult.h; sourceTree = "<group>"; };
		C9B071461BDA96D700A8DD1C /* ITSSearchResult.m */ = {isa = PBXFileReference; fileEncoding = 4; lastKnownFileType = sourcecode.c.objc; path = ITSSearchResult.m; sourceTree = "<group>"; };
		C9B071491BDA96E600A8DD1C /* ITSSearchResultBuilder.h */ = {isa = PBXFileReference; fileEncoding = 4; lastKnownFileType = sourcecode.c.h; path = ITSSearchResultBuilder.h; sourceTree = "<group>"; };
		C9B0714A1BDA96E600A8DD1C /* ITSSearchResultBuilder.m */ = {isa = PBXFileReference; fileEncoding = 4; lastKnownFileType = sourcecode.c.objc; path = ITSSearchResultBuilder.m; sourceTree = "<group>"; };
		C9B0714D1BDA970000A8DD1C /* ITSBuilderProtocol.h */ = {isa = PBXFileReference; fileEncoding = 4; lastKnownFileType = sourcecode.c.h; path = ITSBuilderProtocol.h; sourceTree = "<group>"; };
		C9B071501BDA97B000A8DD1C /* ITSSearchResultBuilderTestCase.m */ = {isa = PBXFileReference; fileEncoding = 4; lastKnownFileType = sourcecode.c.objc; path = ITSSearchResultBuilderTestCase.m; sourceTree = "<group>"; };
		C9B071551BDAA1BA00A8DD1C /* ITSGetSearchResultsInteractor.h */ = {isa = PBXFileReference; fileEncoding = 4; lastKnownFileType = sourcecode.c.h; path = ITSGetSearchResultsInteractor.h; sourceTree = "<group>"; };
		C9B071561BDAA1BA00A8DD1C /* ITSGetSearchResultsInteractor.m */ = {isa = PBXFileReference; fileEncoding = 4; lastKnownFileType = sourcecode.c.objc; path = ITSGetSearchResultsInteractor.m; sourceTree = "<group>"; };
		C9B071591BDAA1CC00A8DD1C /* ITSInteractorProtocol.h */ = {isa = PBXFileReference; fileEncoding = 4; lastKnownFileType = sourcecode.c.h; path = ITSInteractorProtocol.h; sourceTree = "<group>"; };
		C9B071611BDAA4DB00A8DD1C /* ITSGetSearchResultsInteractorTestCase.m */ = {isa = PBXFileReference; fileEncoding = 4; lastKnownFileType = sourcecode.c.objc; path = ITSGetSearchResultsInteractorTestCase.m; sourceTree = "<group>"; };
		C9B071631BDAA62700A8DD1C /* SearchNetworkMock.h */ = {isa = PBXFileReference; fileEncoding = 4; lastKnownFileType = sourcecode.c.h; path = SearchNetworkMock.h; sourceTree = "<group>"; };
		C9B071641BDAA62700A8DD1C /* SearchNetworkMock.m */ = {isa = PBXFileReference; fileEncoding = 4; lastKnownFileType = sourcecode.c.objc; path = SearchNetworkMock.m; sourceTree = "<group>"; };
		C9B071661BDAA93700A8DD1C /* BuilderMock.h */ = {isa = PBXFileReference; fileEncoding = 4; lastKnownFileType = sourcecode.c.h; path = BuilderMock.h; sourceTree = "<group>"; };
		C9B071671BDAA93700A8DD1C /* BuilderMock.m */ = {isa = PBXFileReference; fileEncoding = 4; lastKnownFileType = sourcecode.c.objc; path = BuilderMock.m; sourceTree = "<group>"; };
		C9B071691BDAAC4400A8DD1C /* ITSSearchResultsPresenter.h */ = {isa = PBXFileReference; fileEncoding = 4; lastKnownFileType = sourcecode.c.h; path = ITSSearchResultsPresenter.h; sourceTree = "<group>"; };
		C9B0716A1BDAAC4400A8DD1C /* ITSSearchResultsPresenter.m */ = {isa = PBXFileReference; fileEncoding = 4; lastKnownFileType = sourcecode.c.objc; path = ITSSearchResultsPresenter.m; sourceTree = "<group>"; };
		C9B0716D1BDAACC200A8DD1C /* ITSTableViewListControllerProtocol.h */ = {isa = PBXFileReference; fileEncoding = 4; lastKnownFileType = sourcecode.c.h; path = ITSTableViewListControllerProtocol.h; sourceTree = "<group>"; };
		C9B0716F1BDAAE8800A8DD1C /* ITSTableViewListControllerItemProtocol.h */ = {isa = PBXFileReference; fileEncoding = 4; lastKnownFileType = sourcecode.c.h; path = ITSTableViewListControllerItemProtocol.h; sourceTree = "<group>"; };
		C9B071711BDAB0BD00A8DD1C /* ITSInteractorsFactory.h */ = {isa = PBXFileReference; fileEncoding = 4; lastKnownFileType = sourcecode.c.h; path = ITSInteractorsFactory.h; sourceTree = "<group>"; };
		C9B071721BDAB0BD00A8DD1C /* ITSInteractorsFactory.m */ = {isa = PBXFileReference; fileEncoding = 4; lastKnownFileType = sourcecode.c.objc; path = ITSInteractorsFactory.m; sourceTree = "<group>"; };
		C9B071761BDBAEC300A8DD1C /* ITSSearchResultsPresenterProtocol.h */ = {isa = PBXFileReference; fileEncoding = 4; lastKnownFileType = sourcecode.c.h; path = ITSSearchResultsPresenterProtocol.h; sourceTree = "<group>"; };
		C9B0717A1BDBB15200A8DD1C /* ITSPresentersFactory.h */ = {isa = PBXFileReference; fileEncoding = 4; lastKnownFileType = sourcecode.c.h; path = ITSPresentersFactory.h; sourceTree = "<group>"; };
		C9B0717B1BDBB15200A8DD1C /* ITSPresentersFactory.m */ = {isa = PBXFileReference; fileEncoding = 4; lastKnownFileType = sourcecode.c.objc; path = ITSPresentersFactory.m; sourceTree = "<group>"; };
		C9B071821BDBB3AB00A8DD1C /* ITSSearchResult+TableViewListControllerItem.h */ = {isa = PBXFileReference; fileEncoding = 4; lastKnownFileType = sourcecode.c.h; path = "ITSSearchResult+TableViewListControllerItem.h"; sourceTree = "<group>"; };
		C9B071831BDBB3AB00A8DD1C /* ITSSearchResult+TableViewListControllerItem.m */ = {isa = PBXFileReference; fileEncoding = 4; lastKnownFileType = sourcecode.c.objc; path = "ITSSearchResult+TableViewListControllerItem.m"; sourceTree = "<group>"; };
		C9B071871BDBB6FF00A8DD1C /* InteractorInvoker.h */ = {isa = PBXFileReference; fileEncoding = 4; lastKnownFileType = sourcecode.c.h; path = InteractorInvoker.h; sourceTree = "<group>"; };
		C9B071881BDBB6FF00A8DD1C /* InteractorInvoker.m */ = {isa = PBXFileReference; fileEncoding = 4; lastKnownFileType = sourcecode.c.objc; path = InteractorInvoker.m; sourceTree = "<group>"; };
		C9B0718B1BDBB71800A8DD1C /* InteractorInvokerProtocol.h */ = {isa = PBXFileReference; fileEncoding = 4; lastKnownFileType = sourcecode.c.h; path = InteractorInvokerProtocol.h; sourceTree = "<group>"; };
		C9B071911BDBC03400A8DD1C /* ITSArtworkTableViewCell.h */ = {isa = PBXFileReference; fileEncoding = 4; lastKnownFileType = sourcecode.c.h; path = ITSArtworkTableViewCell.h; sourceTree = "<group>"; };
		C9B071921BDBC03400A8DD1C /* ITSArtworkTableViewCell.m */ = {isa = PBXFileReference; fileEncoding = 4; lastKnownFileType = sourcecode.c.objc; path = ITSArtworkTableViewCell.m; sourceTree = "<group>"; };
		C9B0719D1BDBC6E300A8DD1C /* NSURLSession+Sync.h */ = {isa = PBXFileReference; fileEncoding = 4; lastKnownFileType = sourcecode.c.h; path = "NSURLSession+Sync.h"; sourceTree = "<group>"; };
		C9B0719E1BDBC6E300A8DD1C /* NSURLSession+Sync.m */ = {isa = PBXFileReference; fileEncoding = 4; lastKnownFileType = sourcecode.c.objc; path = "NSURLSession+Sync.m"; sourceTree = "<group>"; };
		C9B071A11BDBCC2000A8DD1C /* ITSArtworkTableViewCell+NSURL.h */ = {isa = PBXFileReference; fileEncoding = 4; lastKnownFileType = sourcecode.c.h; path = "ITSArtworkTableViewCell+NSURL.h"; sourceTree = "<group>"; };
		C9B071A21BDBCC2000A8DD1C /* ITSArtworkTableViewCell+NSURL.m */ = {isa = PBXFileReference; fileEncoding = 4; lastKnownFileType = sourcecode.c.objc; path = "ITSArtworkTableViewCell+NSURL.m"; sourceTree = "<group>"; };
/* End PBXFileReference section */

/* Begin PBXFrameworksBuildPhase section */
		C9B070C81BDA623600A8DD1C /* Frameworks */ = {
			isa = PBXFrameworksBuildPhase;
			buildActionMask = 2147483647;
			files = (
				C9B071981BDBC54A00A8DD1C /* Domain.framework in Frameworks */,
				C9B071331BDA8CAA00A8DD1C /* Presenters.framework in Frameworks */,
			);
			runOnlyForDeploymentPostprocessing = 0;
		};
		C9B070E41BDA623600A8DD1C /* Frameworks */ = {
			isa = PBXFrameworksBuildPhase;
			buildActionMask = 2147483647;
			files = (
			);
			runOnlyForDeploymentPostprocessing = 0;
		};
		C9B070F71BDA8C8900A8DD1C /* Frameworks */ = {
			isa = PBXFrameworksBuildPhase;
			buildActionMask = 2147483647;
			files = (
			);
			runOnlyForDeploymentPostprocessing = 0;
		};
		C9B071011BDA8C8900A8DD1C /* Frameworks */ = {
			isa = PBXFrameworksBuildPhase;
			buildActionMask = 2147483647;
			files = (
				C9B071051BDA8C8900A8DD1C /* Domain.framework in Frameworks */,
			);
			runOnlyForDeploymentPostprocessing = 0;
		};
		C9B0711A1BDA8CAA00A8DD1C /* Frameworks */ = {
			isa = PBXFrameworksBuildPhase;
			buildActionMask = 2147483647;
			files = (
				C9B071801BDBB24000A8DD1C /* Domain.framework in Frameworks */,
			);
			runOnlyForDeploymentPostprocessing = 0;
		};
		C9B071241BDA8CAA00A8DD1C /* Frameworks */ = {
			isa = PBXFrameworksBuildPhase;
			buildActionMask = 2147483647;
			files = (
				C9B071281BDA8CAA00A8DD1C /* Presenters.framework in Frameworks */,
			);
			runOnlyForDeploymentPostprocessing = 0;
		};
/* End PBXFrameworksBuildPhase section */

/* Begin PBXGroup section */
		C9B070C21BDA623600A8DD1C = {
			isa = PBXGroup;
			children = (
				C9B070CD1BDA623600A8DD1C /* iTunesSearch */,
				C9B0711F1BDA8CAA00A8DD1C /* Presenters */,
				C9B070FC1BDA8C8900A8DD1C /* Domain */,
				C9B070EA1BDA623600A8DD1C /* iTunesSearchTests */,
				C9B0712D1BDA8CAA00A8DD1C /* PresentersTests */,
				C9B0710A1BDA8C8900A8DD1C /* DomainTests */,
				C9B070CC1BDA623600A8DD1C /* Products */,
			);
			sourceTree = "<group>";
		};
		C9B070CC1BDA623600A8DD1C /* Products */ = {
			isa = PBXGroup;
			children = (
				C9B070CB1BDA623600A8DD1C /* iTunesSearch.app */,
				C9B070E71BDA623600A8DD1C /* iTunesSearchTests.xctest */,
				C9B070FB1BDA8C8900A8DD1C /* Domain.framework */,
				C9B071041BDA8C8900A8DD1C /* DomainTests.xctest */,
				C9B0711E1BDA8CAA00A8DD1C /* Presenters.framework */,
				C9B071271BDA8CAA00A8DD1C /* PresentersTests.xctest */,
			);
			name = Products;
			sourceTree = "<group>";
		};
		C9B070CD1BDA623600A8DD1C /* iTunesSearch */ = {
			isa = PBXGroup;
			children = (
				C9B071901BDBBDB100A8DD1C /* Cells */,
				C9B070D11BDA623600A8DD1C /* AppDelegate.h */,
				C9B070D21BDA623600A8DD1C /* AppDelegate.m */,
				C9B0718D1BDBBB6000A8DD1C /* ViewControllers */,
				C9B0718E1BDBBB6800A8DD1C /* Resources */,
				C9B070CE1BDA623600A8DD1C /* Supporting Files */,
			);
			path = iTunesSearch;
			sourceTree = "<group>";
		};
		C9B070CE1BDA623600A8DD1C /* Supporting Files */ = {
			isa = PBXGroup;
			children = (
				C9B070CF1BDA623600A8DD1C /* main.m */,
			);
			name = "Supporting Files";
			sourceTree = "<group>";
		};
		C9B070EA1BDA623600A8DD1C /* iTunesSearchTests */ = {
			isa = PBXGroup;
			children = (
				C9B070EB1BDA623600A8DD1C /* iTunesSearchTests.m */,
				C9B070ED1BDA623600A8DD1C /* Info.plist */,
			);
			path = iTunesSearchTests;
			sourceTree = "<group>";
		};
		C9B070FC1BDA8C8900A8DD1C /* Domain */ = {
			isa = PBXGroup;
			children = (
				C9B0719C1BDBC6B900A8DD1C /* Misc */,
				C9B071711BDAB0BD00A8DD1C /* ITSInteractorsFactory.h */,
				C9B071721BDAB0BD00A8DD1C /* ITSInteractorsFactory.m */,
				C9B0713D1BDA8F4700A8DD1C /* Interactors */,
				C9B071441BDA969800A8DD1C /* Builders */,
				C9B0713C1BDA8F4200A8DD1C /* Models */,
				C9B0713B1BDA8F3B00A8DD1C /* Infrastructure */,
				C9B070FD1BDA8C8900A8DD1C /* Domain.h */,
				C9B070FF1BDA8C8900A8DD1C /* Info.plist */,
			);
			path = Domain;
			sourceTree = "<group>";
		};
		C9B0710A1BDA8C8900A8DD1C /* DomainTests */ = {
			isa = PBXGroup;
			children = (
				C9B0714F1BDA979100A8DD1C /* Builders */,
				C9B0715B1BDAA28D00A8DD1C /* Interactors */,
				C9B0710B1BDA8C8900A8DD1C /* DomainTests.m */,
				C9B0710D1BDA8C8900A8DD1C /* Info.plist */,
			);
			path = DomainTests;
			sourceTree = "<group>";
		};
		C9B0711F1BDA8CAA00A8DD1C /* Presenters */ = {
			isa = PBXGroup;
			children = (
				C9B071861BDBB6C700A8DD1C /* Invoker */,
				C9B071201BDA8CAA00A8DD1C /* Presenters.h */,
				C9B071221BDA8CAA00A8DD1C /* Info.plist */,
				C9B0717A1BDBB15200A8DD1C /* ITSPresentersFactory.h */,
				C9B0717B1BDBB15200A8DD1C /* ITSPresentersFactory.m */,
				C9B0717E1BDBB15F00A8DD1C /* SearchResults */,
			);
			path = Presenters;
			sourceTree = "<group>";
		};
		C9B0712D1BDA8CAA00A8DD1C /* PresentersTests */ = {
			isa = PBXGroup;
			children = (
				C9B0712E1BDA8CAA00A8DD1C /* PresentersTests.m */,
				C9B071301BDA8CAA00A8DD1C /* Info.plist */,
			);
			path = PresentersTests;
			sourceTree = "<group>";
		};
		C9B0713B1BDA8F3B00A8DD1C /* Infrastructure */ = {
			isa = PBXGroup;
			children = (
				C9B0713E1BDA8FD400A8DD1C /* ITSSearchNetworkProtocol.h */,
				C9B071401BDA903000A8DD1C /* ITSNetworkManager.h */,
				C9B071411BDA903000A8DD1C /* ITSNetworkManager.m */,
			);
			name = Infrastructure;
			sourceTree = "<group>";
		};
		C9B0713C1BDA8F4200A8DD1C /* Models */ = {
			isa = PBXGroup;
			children = (
				C9B071451BDA96D700A8DD1C /* ITSSearchResult.h */,
				C9B071461BDA96D700A8DD1C /* ITSSearchResult.m */,
			);
			name = Models;
			sourceTree = "<group>";
		};
		C9B0713D1BDA8F4700A8DD1C /* Interactors */ = {
			isa = PBXGroup;
			children = (
				C9B071591BDAA1CC00A8DD1C /* ITSInteractorProtocol.h */,
				C9B071551BDAA1BA00A8DD1C /* ITSGetSearchResultsInteractor.h */,
				C9B071561BDAA1BA00A8DD1C /* ITSGetSearchResultsInteractor.m */,
			);
			name = Interactors;
			sourceTree = "<group>";
		};
		C9B071441BDA969800A8DD1C /* Builders */ = {
			isa = PBXGroup;
			children = (
				C9B0714D1BDA970000A8DD1C /* ITSBuilderProtocol.h */,
				C9B071491BDA96E600A8DD1C /* ITSSearchResultBuilder.h */,
				C9B0714A1BDA96E600A8DD1C /* ITSSearchResultBuilder.m */,
			);
			name = Builders;
			sourceTree = "<group>";
		};
		C9B0714F1BDA979100A8DD1C /* Builders */ = {
			isa = PBXGroup;
			children = (
				C9B071501BDA97B000A8DD1C /* ITSSearchResultBuilderTestCase.m */,
			);
			name = Builders;
			sourceTree = "<group>";
		};
		C9B0715B1BDAA28D00A8DD1C /* Interactors */ = {
			isa = PBXGroup;
			children = (
				C9B071631BDAA62700A8DD1C /* SearchNetworkMock.h */,
				C9B071641BDAA62700A8DD1C /* SearchNetworkMock.m */,
				C9B071661BDAA93700A8DD1C /* BuilderMock.h */,
				C9B071671BDAA93700A8DD1C /* BuilderMock.m */,
				C9B071611BDAA4DB00A8DD1C /* ITSGetSearchResultsInteractorTestCase.m */,
			);
			name = Interactors;
			sourceTree = "<group>";
		};
		C9B0717E1BDBB15F00A8DD1C /* SearchResults */ = {
			isa = PBXGroup;
			children = (
				C9B0716D1BDAACC200A8DD1C /* ITSTableViewListControllerProtocol.h */,
				C9B0716F1BDAAE8800A8DD1C /* ITSTableViewListControllerItemProtocol.h */,
				C9B071691BDAAC4400A8DD1C /* ITSSearchResultsPresenter.h */,
				C9B0716A1BDAAC4400A8DD1C /* ITSSearchResultsPresenter.m */,
				C9B071761BDBAEC300A8DD1C /* ITSSearchResultsPresenterProtocol.h */,
				C9B071821BDBB3AB00A8DD1C /* ITSSearchResult+TableViewListControllerItem.h */,
				C9B071831BDBB3AB00A8DD1C /* ITSSearchResult+TableViewListControllerItem.m */,
			);
			name = SearchResults;
			sourceTree = "<group>";
		};
		C9B071861BDBB6C700A8DD1C /* Invoker */ = {
			isa = PBXGroup;
			children = (
				C9B071871BDBB6FF00A8DD1C /* InteractorInvoker.h */,
				C9B071881BDBB6FF00A8DD1C /* InteractorInvoker.m */,
				C9B0718B1BDBB71800A8DD1C /* InteractorInvokerProtocol.h */,
			);
			name = Invoker;
			sourceTree = "<group>";
		};
		C9B0718D1BDBBB6000A8DD1C /* ViewControllers */ = {
			isa = PBXGroup;
			children = (
				C9B070D41BDA623600A8DD1C /* ITSTableViewListController.h */,
				C9B070D51BDA623600A8DD1C /* ITSTableViewListController.m */,
				C9B070D71BDA623600A8DD1C /* DetailViewController.h */,
				C9B070D81BDA623600A8DD1C /* DetailViewController.m */,
			);
			name = ViewControllers;
			sourceTree = "<group>";
		};
		C9B0718E1BDBBB6800A8DD1C /* Resources */ = {
			isa = PBXGroup;
			children = (
				C9B070DA1BDA623600A8DD1C /* Main.storyboard */,
				C9B070DD1BDA623600A8DD1C /* Assets.xcassets */,
				C9B070DF1BDA623600A8DD1C /* LaunchScreen.storyboard */,
				C9B070E21BDA623600A8DD1C /* Info.plist */,
			);
			name = Resources;
			sourceTree = "<group>";
		};
		C9B071901BDBBDB100A8DD1C /* Cells */ = {
			isa = PBXGroup;
			children = (
				C9B071911BDBC03400A8DD1C /* ITSArtworkTableViewCell.h */,
				C9B071921BDBC03400A8DD1C /* ITSArtworkTableViewCell.m */,
				C9B071A11BDBCC2000A8DD1C /* ITSArtworkTableViewCell+NSURL.h */,
				C9B071A21BDBCC2000A8DD1C /* ITSArtworkTableViewCell+NSURL.m */,
			);
			name = Cells;
			sourceTree = "<group>";
		};
		C9B0719C1BDBC6B900A8DD1C /* Misc */ = {
			isa = PBXGroup;
			children = (
				C9B0719D1BDBC6E300A8DD1C /* NSURLSession+Sync.h */,
				C9B0719E1BDBC6E300A8DD1C /* NSURLSession+Sync.m */,
			);
			name = Misc;
			sourceTree = "<group>";
		};
/* End PBXGroup section */

/* Begin PBXHeadersBuildPhase section */
		C9B070F81BDA8C8900A8DD1C /* Headers */ = {
			isa = PBXHeadersBuildPhase;
			buildActionMask = 2147483647;
			files = (
				C9B071571BDAA1BA00A8DD1C /* ITSGetSearchResultsInteractor.h in Headers */,
				C9B071471BDA96D700A8DD1C /* ITSSearchResult.h in Headers */,
				C9B0715A1BDAA1CC00A8DD1C /* ITSInteractorProtocol.h in Headers */,
				C9B071731BDAB0BD00A8DD1C /* ITSInteractorsFactory.h in Headers */,
				C9B070FE1BDA8C8900A8DD1C /* Domain.h in Headers */,
				C9B0719F1BDBC6E300A8DD1C /* NSURLSession+Sync.h in Headers */,
				C9B0714B1BDA96E600A8DD1C /* ITSSearchResultBuilder.h in Headers */,
				C9B071211BDA8CAA00A8DD1C /* Presenters.h in Headers */,
				C9B0714E1BDA970000A8DD1C /* ITSBuilderProtocol.h in Headers */,
				C9B071421BDA903000A8DD1C /* ITSNetworkManager.h in Headers */,
				C9B0713F1BDA8FD400A8DD1C /* ITSSearchNetworkProtocol.h in Headers */,
			);
			runOnlyForDeploymentPostprocessing = 0;
		};
		C9B0711B1BDA8CAA00A8DD1C /* Headers */ = {
			isa = PBXHeadersBuildPhase;
			buildActionMask = 2147483647;
			files = (
				C9B071751BDAB1FA00A8DD1C /* ITSGetSearchResultsInteractor.h in Headers */,
				C9B071771BDBAEC300A8DD1C /* ITSSearchResultsPresenterProtocol.h in Headers */,
				C9B0718C1BDBB71800A8DD1C /* InteractorInvokerProtocol.h in Headers */,
				C9B071891BDBB6FF00A8DD1C /* InteractorInvoker.h in Headers */,
				C9B071701BDAAE8800A8DD1C /* ITSTableViewListControllerItemProtocol.h in Headers */,
				C9B0717C1BDBB15200A8DD1C /* ITSPresentersFactory.h in Headers */,
				C9B0716B1BDAAC4400A8DD1C /* ITSSearchResultsPresenter.h in Headers */,
				C9B071841BDBB3AB00A8DD1C /* ITSSearchResult+TableViewListControllerItem.h in Headers */,
				C9B0716E1BDAACC200A8DD1C /* ITSTableViewListControllerProtocol.h in Headers */,
			);
			runOnlyForDeploymentPostprocessing = 0;
		};
/* End PBXHeadersBuildPhase section */

/* Begin PBXNativeTarget section */
		C9B070CA1BDA623600A8DD1C /* iTunesSearch */ = {
			isa = PBXNativeTarget;
			buildConfigurationList = C9B070F01BDA623600A8DD1C /* Build configuration list for PBXNativeTarget "iTunesSearch" */;
			buildPhases = (
				C9B070C71BDA623600A8DD1C /* Sources */,
				C9B070C81BDA623600A8DD1C /* Frameworks */,
				C9B070C91BDA623600A8DD1C /* Resources */,
				C9B071171BDA8C8900A8DD1C /* Embed Frameworks */,
			);
			buildRules = (
			);
			dependencies = (
				C9B071321BDA8CAA00A8DD1C /* PBXTargetDependency */,
				C9B0719B1BDBC54B00A8DD1C /* PBXTargetDependency */,
			);
			name = iTunesSearch;
			productName = iTunesSearch;
			productReference = C9B070CB1BDA623600A8DD1C /* iTunesSearch.app */;
			productType = "com.apple.product-type.application";
		};
		C9B070E61BDA623600A8DD1C /* iTunesSearchTests */ = {
			isa = PBXNativeTarget;
			buildConfigurationList = C9B070F31BDA623600A8DD1C /* Build configuration list for PBXNativeTarget "iTunesSearchTests" */;
			buildPhases = (
				C9B070E31BDA623600A8DD1C /* Sources */,
				C9B070E41BDA623600A8DD1C /* Frameworks */,
				C9B070E51BDA623600A8DD1C /* Resources */,
			);
			buildRules = (
			);
			dependencies = (
				C9B070E91BDA623600A8DD1C /* PBXTargetDependency */,
			);
			name = iTunesSearchTests;
			productName = iTunesSearchTests;
			productReference = C9B070E71BDA623600A8DD1C /* iTunesSearchTests.xctest */;
			productType = "com.apple.product-type.bundle.unit-test";
		};
		C9B070FA1BDA8C8900A8DD1C /* Domain */ = {
			isa = PBXNativeTarget;
			buildConfigurationList = C9B071161BDA8C8900A8DD1C /* Build configuration list for PBXNativeTarget "Domain" */;
			buildPhases = (
				C9B070F61BDA8C8900A8DD1C /* Sources */,
				C9B070F71BDA8C8900A8DD1C /* Frameworks */,
				C9B070F81BDA8C8900A8DD1C /* Headers */,
				C9B070F91BDA8C8900A8DD1C /* Resources */,
			);
			buildRules = (
			);
			dependencies = (
			);
			name = Domain;
			productName = Domain;
			productReference = C9B070FB1BDA8C8900A8DD1C /* Domain.framework */;
			productType = "com.apple.product-type.framework";
		};
		C9B071031BDA8C8900A8DD1C /* DomainTests */ = {
			isa = PBXNativeTarget;
			buildConfigurationList = C9B071181BDA8C8900A8DD1C /* Build configuration list for PBXNativeTarget "DomainTests" */;
			buildPhases = (
				C9B071001BDA8C8900A8DD1C /* Sources */,
				C9B071011BDA8C8900A8DD1C /* Frameworks */,
				C9B071021BDA8C8900A8DD1C /* Resources */,
			);
			buildRules = (
			);
			dependencies = (
				C9B071071BDA8C8900A8DD1C /* PBXTargetDependency */,
				C9B071091BDA8C8900A8DD1C /* PBXTargetDependency */,
			);
			name = DomainTests;
			productName = DomainTests;
			productReference = C9B071041BDA8C8900A8DD1C /* DomainTests.xctest */;
			productType = "com.apple.product-type.bundle.unit-test";
		};
		C9B0711D1BDA8CAA00A8DD1C /* Presenters */ = {
			isa = PBXNativeTarget;
			buildConfigurationList = C9B071351BDA8CAA00A8DD1C /* Build configuration list for PBXNativeTarget "Presenters" */;
			buildPhases = (
				C9B071191BDA8CAA00A8DD1C /* Sources */,
				C9B0711A1BDA8CAA00A8DD1C /* Frameworks */,
				C9B0711B1BDA8CAA00A8DD1C /* Headers */,
				C9B0711C1BDA8CAA00A8DD1C /* Resources */,
			);
			buildRules = (
			);
			dependencies = (
				C9B071951BDBC48800A8DD1C /* PBXTargetDependency */,
			);
			name = Presenters;
			productName = Presenters;
			productReference = C9B0711E1BDA8CAA00A8DD1C /* Presenters.framework */;
			productType = "com.apple.product-type.framework";
		};
		C9B071261BDA8CAA00A8DD1C /* PresentersTests */ = {
			isa = PBXNativeTarget;
			buildConfigurationList = C9B071381BDA8CAA00A8DD1C /* Build configuration list for PBXNativeTarget "PresentersTests" */;
			buildPhases = (
				C9B071231BDA8CAA00A8DD1C /* Sources */,
				C9B071241BDA8CAA00A8DD1C /* Frameworks */,
				C9B071251BDA8CAA00A8DD1C /* Resources */,
			);
			buildRules = (
			);
			dependencies = (
				C9B0712A1BDA8CAA00A8DD1C /* PBXTargetDependency */,
				C9B0712C1BDA8CAA00A8DD1C /* PBXTargetDependency */,
			);
			name = PresentersTests;
			productName = PresentersTests;
			productReference = C9B071271BDA8CAA00A8DD1C /* PresentersTests.xctest */;
			productType = "com.apple.product-type.bundle.unit-test";
		};
/* End PBXNativeTarget section */

/* Begin PBXProject section */
		C9B070C31BDA623600A8DD1C /* Project object */ = {
			isa = PBXProject;
			attributes = {
				LastUpgradeCheck = 0710;
				ORGANIZATIONNAME = "Marcin Raburski";
				TargetAttributes = {
					C9B070CA1BDA623600A8DD1C = {
						CreatedOnToolsVersion = 7.1;
					};
					C9B070E61BDA623600A8DD1C = {
						CreatedOnToolsVersion = 7.1;
						TestTargetID = C9B070CA1BDA623600A8DD1C;
					};
					C9B070FA1BDA8C8900A8DD1C = {
						CreatedOnToolsVersion = 7.1;
					};
					C9B071031BDA8C8900A8DD1C = {
						CreatedOnToolsVersion = 7.1;
						TestTargetID = C9B070CA1BDA623600A8DD1C;
					};
					C9B0711D1BDA8CAA00A8DD1C = {
						CreatedOnToolsVersion = 7.1;
					};
					C9B071261BDA8CAA00A8DD1C = {
						CreatedOnToolsVersion = 7.1;
						TestTargetID = C9B070CA1BDA623600A8DD1C;
					};
				};
			};
			buildConfigurationList = C9B070C61BDA623600A8DD1C /* Build configuration list for PBXProject "iTunesSearch" */;
			compatibilityVersion = "Xcode 3.2";
			developmentRegion = English;
			hasScannedForEncodings = 0;
			knownRegions = (
				en,
				Base,
			);
			mainGroup = C9B070C21BDA623600A8DD1C;
			productRefGroup = C9B070CC1BDA623600A8DD1C /* Products */;
			projectDirPath = "";
			projectRoot = "";
			targets = (
				C9B070CA1BDA623600A8DD1C /* iTunesSearch */,
				C9B070E61BDA623600A8DD1C /* iTunesSearchTests */,
				C9B0711D1BDA8CAA00A8DD1C /* Presenters */,
				C9B071261BDA8CAA00A8DD1C /* PresentersTests */,
				C9B070FA1BDA8C8900A8DD1C /* Domain */,
				C9B071031BDA8C8900A8DD1C /* DomainTests */,
			);
		};
/* End PBXProject section */

/* Begin PBXResourcesBuildPhase section */
		C9B070C91BDA623600A8DD1C /* Resources */ = {
			isa = PBXResourcesBuildPhase;
			buildActionMask = 2147483647;
			files = (
				C9B070E11BDA623600A8DD1C /* LaunchScreen.storyboard in Resources */,
				C9B070DE1BDA623600A8DD1C /* Assets.xcassets in Resources */,
				C9B070DC1BDA623600A8DD1C /* Main.storyboard in Resources */,
			);
			runOnlyForDeploymentPostprocessing = 0;
		};
		C9B070E51BDA623600A8DD1C /* Resources */ = {
			isa = PBXResourcesBuildPhase;
			buildActionMask = 2147483647;
			files = (
			);
			runOnlyForDeploymentPostprocessing = 0;
		};
		C9B070F91BDA8C8900A8DD1C /* Resources */ = {
			isa = PBXResourcesBuildPhase;
			buildActionMask = 2147483647;
			files = (
			);
			runOnlyForDeploymentPostprocessing = 0;
		};
		C9B071021BDA8C8900A8DD1C /* Resources */ = {
			isa = PBXResourcesBuildPhase;
			buildActionMask = 2147483647;
			files = (
			);
			runOnlyForDeploymentPostprocessing = 0;
		};
		C9B0711C1BDA8CAA00A8DD1C /* Resources */ = {
			isa = PBXResourcesBuildPhase;
			buildActionMask = 2147483647;
			files = (
			);
			runOnlyForDeploymentPostprocessing = 0;
		};
		C9B071251BDA8CAA00A8DD1C /* Resources */ = {
			isa = PBXResourcesBuildPhase;
			buildActionMask = 2147483647;
			files = (
			);
			runOnlyForDeploymentPostprocessing = 0;
		};
/* End PBXResourcesBuildPhase section */

/* Begin PBXSourcesBuildPhase section */
		C9B070C71BDA623600A8DD1C /* Sources */ = {
			isa = PBXSourcesBuildPhase;
			buildActionMask = 2147483647;
			files = (
				C9B071A31BDBCC2000A8DD1C /* ITSArtworkTableViewCell+NSURL.m in Sources */,
				C9B070D31BDA623600A8DD1C /* AppDelegate.m in Sources */,
				C9B071931BDBC03400A8DD1C /* ITSArtworkTableViewCell.m in Sources */,
				C9B070D61BDA623600A8DD1C /* ITSTableViewListController.m in Sources */,
				C9B070D01BDA623600A8DD1C /* main.m in Sources */,
				C9B070D91BDA623600A8DD1C /* DetailViewController.m in Sources */,
			);
			runOnlyForDeploymentPostprocessing = 0;
		};
		C9B070E31BDA623600A8DD1C /* Sources */ = {
			isa = PBXSourcesBuildPhase;
			buildActionMask = 2147483647;
			files = (
				C9B070EC1BDA623600A8DD1C /* iTunesSearchTests.m in Sources */,
			);
			runOnlyForDeploymentPostprocessing = 0;
		};
		C9B070F61BDA8C8900A8DD1C /* Sources */ = {
			isa = PBXSourcesBuildPhase;
			buildActionMask = 2147483647;
			files = (
				C9B0714C1BDA96E600A8DD1C /* ITSSearchResultBuilder.m in Sources */,
				C9B071581BDAA1BA00A8DD1C /* ITSGetSearchResultsInteractor.m in Sources */,
				C9B071A01BDBC6E300A8DD1C /* NSURLSession+Sync.m in Sources */,
				C9B071431BDA903000A8DD1C /* ITSNetworkManager.m in Sources */,
				C9B071741BDAB0BD00A8DD1C /* ITSInteractorsFactory.m in Sources */,
				C9B071481BDA96D700A8DD1C /* ITSSearchResult.m in Sources */,
			);
			runOnlyForDeploymentPostprocessing = 0;
		};
		C9B071001BDA8C8900A8DD1C /* Sources */ = {
			isa = PBXSourcesBuildPhase;
			buildActionMask = 2147483647;
			files = (
				C9B071651BDAA62700A8DD1C /* SearchNetworkMock.m in Sources */,
				C9B071521BDA97E700A8DD1C /* ITSSearchResultBuilder.m in Sources */,
				C9B071531BDA97F500A8DD1C /* ITSSearchResult.m in Sources */,
				C9B0715F1BDAA3FB00A8DD1C /* ITSGetSearchResultsInteractor.m in Sources */,
				C9B071511BDA97B000A8DD1C /* ITSSearchResultBuilderTestCase.m in Sources */,
				C9B0710C1BDA8C8900A8DD1C /* DomainTests.m in Sources */,
				C9B071681BDAA93700A8DD1C /* BuilderMock.m in Sources */,
				C9B071621BDAA4DB00A8DD1C /* ITSGetSearchResultsInteractorTestCase.m in Sources */,
				C9B0717F1BDBB22E00A8DD1C /* ITSInteractorsFactory.m in Sources */,
				C9B071601BDAA40300A8DD1C /* ITSNetworkManager.m in Sources */,
			);
			runOnlyForDeploymentPostprocessing = 0;
		};
		C9B071191BDA8CAA00A8DD1C /* Sources */ = {
			isa = PBXSourcesBuildPhase;
			buildActionMask = 2147483647;
			files = (
				C9B0717D1BDBB15200A8DD1C /* ITSPresentersFactory.m in Sources */,
				C9B071851BDBB3AB00A8DD1C /* ITSSearchResult+TableViewListControllerItem.m in Sources */,
				C9B0716C1BDAAC4400A8DD1C /* ITSSearchResultsPresenter.m in Sources */,
				C9B0718A1BDBB6FF00A8DD1C /* InteractorInvoker.m in Sources */,
			);
			runOnlyForDeploymentPostprocessing = 0;
		};
		C9B071231BDA8CAA00A8DD1C /* Sources */ = {
			isa = PBXSourcesBuildPhase;
			buildActionMask = 2147483647;
			files = (
				C9B0712F1BDA8CAA00A8DD1C /* PresentersTests.m in Sources */,
			);
			runOnlyForDeploymentPostprocessing = 0;
		};
/* End PBXSourcesBuildPhase section */

/* Begin PBXTargetDependency section */
		C9B070E91BDA623600A8DD1C /* PBXTargetDependency */ = {
			isa = PBXTargetDependency;
			target = C9B070CA1BDA623600A8DD1C /* iTunesSearch */;
			targetProxy = C9B070E81BDA623600A8DD1C /* PBXContainerItemProxy */;
		};
		C9B071071BDA8C8900A8DD1C /* PBXTargetDependency */ = {
			isa = PBXTargetDependency;
			target = C9B070FA1BDA8C8900A8DD1C /* Domain */;
			targetProxy = C9B071061BDA8C8900A8DD1C /* PBXContainerItemProxy */;
		};
		C9B071091BDA8C8900A8DD1C /* PBXTargetDependency */ = {
			isa = PBXTargetDependency;
			target = C9B070CA1BDA623600A8DD1C /* iTunesSearch */;
			targetProxy = C9B071081BDA8C8900A8DD1C /* PBXContainerItemProxy */;
		};
		C9B0712A1BDA8CAA00A8DD1C /* PBXTargetDependency */ = {
			isa = PBXTargetDependency;
			target = C9B0711D1BDA8CAA00A8DD1C /* Presenters */;
			targetProxy = C9B071291BDA8CAA00A8DD1C /* PBXContainerItemProxy */;
		};
		C9B0712C1BDA8CAA00A8DD1C /* PBXTargetDependency */ = {
			isa = PBXTargetDependency;
			target = C9B070CA1BDA623600A8DD1C /* iTunesSearch */;
			targetProxy = C9B0712B1BDA8CAA00A8DD1C /* PBXContainerItemProxy */;
		};
		C9B071321BDA8CAA00A8DD1C /* PBXTargetDependency */ = {
			isa = PBXTargetDependency;
			target = C9B0711D1BDA8CAA00A8DD1C /* Presenters */;
			targetProxy = C9B071311BDA8CAA00A8DD1C /* PBXContainerItemProxy */;
		};
		C9B071951BDBC48800A8DD1C /* PBXTargetDependency */ = {
			isa = PBXTargetDependency;
			target = C9B070FA1BDA8C8900A8DD1C /* Domain */;
			targetProxy = C9B071941BDBC48800A8DD1C /* PBXContainerItemProxy */;
		};
		C9B0719B1BDBC54B00A8DD1C /* PBXTargetDependency */ = {
			isa = PBXTargetDependency;
			target = C9B070FA1BDA8C8900A8DD1C /* Domain */;
			targetProxy = C9B0719A1BDBC54B00A8DD1C /* PBXContainerItemProxy */;
		};
/* End PBXTargetDependency section */

/* Begin PBXVariantGroup section */
		C9B070DA1BDA623600A8DD1C /* Main.storyboard */ = {
			isa = PBXVariantGroup;
			children = (
				C9B070DB1BDA623600A8DD1C /* Base */,
			);
			name = Main.storyboard;
			sourceTree = "<group>";
		};
		C9B070DF1BDA623600A8DD1C /* LaunchScreen.storyboard */ = {
			isa = PBXVariantGroup;
			children = (
				C9B070E01BDA623600A8DD1C /* Base */,
			);
			name = LaunchScreen.storyboard;
			sourceTree = "<group>";
		};
/* End PBXVariantGroup section */

/* Begin XCBuildConfiguration section */
		C9B070EE1BDA623600A8DD1C /* Debug */ = {
			isa = XCBuildConfiguration;
			buildSettings = {
				ALWAYS_SEARCH_USER_PATHS = NO;
				CLANG_CXX_LANGUAGE_STANDARD = "gnu++0x";
				CLANG_CXX_LIBRARY = "libc++";
				CLANG_ENABLE_MODULES = YES;
				CLANG_ENABLE_OBJC_ARC = YES;
				CLANG_WARN_BOOL_CONVERSION = YES;
				CLANG_WARN_CONSTANT_CONVERSION = YES;
				CLANG_WARN_DIRECT_OBJC_ISA_USAGE = YES_ERROR;
				CLANG_WARN_EMPTY_BODY = YES;
				CLANG_WARN_ENUM_CONVERSION = YES;
				CLANG_WARN_INT_CONVERSION = YES;
				CLANG_WARN_OBJC_ROOT_CLASS = YES_ERROR;
				CLANG_WARN_UNREACHABLE_CODE = YES;
				CLANG_WARN__DUPLICATE_METHOD_MATCH = YES;
				"CODE_SIGN_IDENTITY[sdk=iphoneos*]" = "iPhone Developer";
				COPY_PHASE_STRIP = NO;
				DEBUG_INFORMATION_FORMAT = dwarf;
				ENABLE_STRICT_OBJC_MSGSEND = YES;
				ENABLE_TESTABILITY = YES;
				GCC_C_LANGUAGE_STANDARD = gnu99;
				GCC_DYNAMIC_NO_PIC = NO;
				GCC_NO_COMMON_BLOCKS = YES;
				GCC_OPTIMIZATION_LEVEL = 0;
				GCC_PREPROCESSOR_DEFINITIONS = (
					"DEBUG=1",
					"$(inherited)",
				);
				GCC_WARN_64_TO_32_BIT_CONVERSION = YES;
				GCC_WARN_ABOUT_RETURN_TYPE = YES_ERROR;
				GCC_WARN_UNDECLARED_SELECTOR = YES;
				GCC_WARN_UNINITIALIZED_AUTOS = YES_AGGRESSIVE;
				GCC_WARN_UNUSED_FUNCTION = YES;
				GCC_WARN_UNUSED_VARIABLE = YES;
				IPHONEOS_DEPLOYMENT_TARGET = 9.1;
				MTL_ENABLE_DEBUG_INFO = YES;
				ONLY_ACTIVE_ARCH = YES;
				SDKROOT = iphoneos;
				TARGETED_DEVICE_FAMILY = "1,2";
			};
			name = Debug;
		};
		C9B070EF1BDA623600A8DD1C /* Release */ = {
			isa = XCBuildConfiguration;
			buildSettings = {
				ALWAYS_SEARCH_USER_PATHS = NO;
				CLANG_CXX_LANGUAGE_STANDARD = "gnu++0x";
				CLANG_CXX_LIBRARY = "libc++";
				CLANG_ENABLE_MODULES = YES;
				CLANG_ENABLE_OBJC_ARC = YES;
				CLANG_WARN_BOOL_CONVERSION = YES;
				CLANG_WARN_CONSTANT_CONVERSION = YES;
				CLANG_WARN_DIRECT_OBJC_ISA_USAGE = YES_ERROR;
				CLANG_WARN_EMPTY_BODY = YES;
				CLANG_WARN_ENUM_CONVERSION = YES;
				CLANG_WARN_INT_CONVERSION = YES;
				CLANG_WARN_OBJC_ROOT_CLASS = YES_ERROR;
				CLANG_WARN_UNREACHABLE_CODE = YES;
				CLANG_WARN__DUPLICATE_METHOD_MATCH = YES;
				"CODE_SIGN_IDENTITY[sdk=iphoneos*]" = "iPhone Developer";
				COPY_PHASE_STRIP = NO;
				DEBUG_INFORMATION_FORMAT = "dwarf-with-dsym";
				ENABLE_NS_ASSERTIONS = NO;
				ENABLE_STRICT_OBJC_MSGSEND = YES;
				GCC_C_LANGUAGE_STANDARD = gnu99;
				GCC_NO_COMMON_BLOCKS = YES;
				GCC_WARN_64_TO_32_BIT_CONVERSION = YES;
				GCC_WARN_ABOUT_RETURN_TYPE = YES_ERROR;
				GCC_WARN_UNDECLARED_SELECTOR = YES;
				GCC_WARN_UNINITIALIZED_AUTOS = YES_AGGRESSIVE;
				GCC_WARN_UNUSED_FUNCTION = YES;
				GCC_WARN_UNUSED_VARIABLE = YES;
				IPHONEOS_DEPLOYMENT_TARGET = 9.1;
				MTL_ENABLE_DEBUG_INFO = NO;
				SDKROOT = iphoneos;
				TARGETED_DEVICE_FAMILY = "1,2";
				VALIDATE_PRODUCT = YES;
			};
			name = Release;
		};
		C9B070F11BDA623600A8DD1C /* Debug */ = {
			isa = XCBuildConfiguration;
			buildSettings = {
				ASSETCATALOG_COMPILER_APPICON_NAME = AppIcon;
				INFOPLIST_FILE = iTunesSearch/Info.plist;
				IPHONEOS_DEPLOYMENT_TARGET = 9.0;
				LD_RUNPATH_SEARCH_PATHS = "$(inherited) @executable_path/Frameworks";
				PRODUCT_BUNDLE_IDENTIFIER = rzeczy.iTunesSearch;
				PRODUCT_NAME = "$(TARGET_NAME)";
			};
			name = Debug;
		};
		C9B070F21BDA623600A8DD1C /* Release */ = {
			isa = XCBuildConfiguration;
			buildSettings = {
				ASSETCATALOG_COMPILER_APPICON_NAME = AppIcon;
				INFOPLIST_FILE = iTunesSearch/Info.plist;
				IPHONEOS_DEPLOYMENT_TARGET = 9.0;
				LD_RUNPATH_SEARCH_PATHS = "$(inherited) @executable_path/Frameworks";
				PRODUCT_BUNDLE_IDENTIFIER = rzeczy.iTunesSearch;
				PRODUCT_NAME = "$(TARGET_NAME)";
			};
			name = Release;
		};
		C9B070F41BDA623600A8DD1C /* Debug */ = {
			isa = XCBuildConfiguration;
			buildSettings = {
				BUNDLE_LOADER = "$(TEST_HOST)";
				INFOPLIST_FILE = iTunesSearchTests/Info.plist;
				LD_RUNPATH_SEARCH_PATHS = "$(inherited) @executable_path/Frameworks @loader_path/Frameworks";
				PRODUCT_BUNDLE_IDENTIFIER = rzeczy.iTunesSearchTests;
				PRODUCT_NAME = "$(TARGET_NAME)";
				TEST_HOST = "$(BUILT_PRODUCTS_DIR)/iTunesSearch.app/iTunesSearch";
			};
			name = Debug;
		};
		C9B070F51BDA623600A8DD1C /* Release */ = {
			isa = XCBuildConfiguration;
			buildSettings = {
				BUNDLE_LOADER = "$(TEST_HOST)";
				INFOPLIST_FILE = iTunesSearchTests/Info.plist;
				LD_RUNPATH_SEARCH_PATHS = "$(inherited) @executable_path/Frameworks @loader_path/Frameworks";
				PRODUCT_BUNDLE_IDENTIFIER = rzeczy.iTunesSearchTests;
				PRODUCT_NAME = "$(TARGET_NAME)";
				TEST_HOST = "$(BUILT_PRODUCTS_DIR)/iTunesSearch.app/iTunesSearch";
			};
			name = Release;
		};
		C9B071121BDA8C8900A8DD1C /* Debug */ = {
			isa = XCBuildConfiguration;
			buildSettings = {
				CURRENT_PROJECT_VERSION = 1;
				DEFINES_MODULE = YES;
				DYLIB_COMPATIBILITY_VERSION = 1;
				DYLIB_CURRENT_VERSION = 1;
				DYLIB_INSTALL_NAME_BASE = "@rpath";
				INFOPLIST_FILE = Domain/Info.plist;
				INSTALL_PATH = "$(LOCAL_LIBRARY_DIR)/Frameworks";
				LD_RUNPATH_SEARCH_PATHS = "$(inherited) @executable_path/Frameworks @loader_path/Frameworks";
				PRODUCT_BUNDLE_IDENTIFIER = rzeczy.Domain;
				PRODUCT_NAME = "$(TARGET_NAME)";
				SKIP_INSTALL = YES;
				VERSIONING_SYSTEM = "apple-generic";
				VERSION_INFO_PREFIX = "";
			};
			name = Debug;
		};
		C9B071131BDA8C8900A8DD1C /* Release */ = {
			isa = XCBuildConfiguration;
			buildSettings = {
				CURRENT_PROJECT_VERSION = 1;
				DEFINES_MODULE = YES;
				DYLIB_COMPATIBILITY_VERSION = 1;
				DYLIB_CURRENT_VERSION = 1;
				DYLIB_INSTALL_NAME_BASE = "@rpath";
				INFOPLIST_FILE = Domain/Info.plist;
				INSTALL_PATH = "$(LOCAL_LIBRARY_DIR)/Frameworks";
				LD_RUNPATH_SEARCH_PATHS = "$(inherited) @executable_path/Frameworks @loader_path/Frameworks";
				PRODUCT_BUNDLE_IDENTIFIER = rzeczy.Domain;
				PRODUCT_NAME = "$(TARGET_NAME)";
				SKIP_INSTALL = YES;
				VERSIONING_SYSTEM = "apple-generic";
				VERSION_INFO_PREFIX = "";
			};
			name = Release;
		};
		C9B071141BDA8C8900A8DD1C /* Debug */ = {
			isa = XCBuildConfiguration;
			buildSettings = {
				CLANG_ENABLE_MODULES = YES;
				INFOPLIST_FILE = DomainTests/Info.plist;
				LD_RUNPATH_SEARCH_PATHS = "$(inherited) @executable_path/Frameworks @loader_path/Frameworks";
				PRODUCT_BUNDLE_IDENTIFIER = rzeczy.DomainTests;
				PRODUCT_NAME = "$(TARGET_NAME)";
				SWIFT_OBJC_BRIDGING_HEADER = "DomainTests/DomainTests-Bridging-Header.h";
				SWIFT_OPTIMIZATION_LEVEL = "-Onone";
				TEST_HOST = "$(BUILT_PRODUCTS_DIR)/iTunesSearch.app/iTunesSearch";
			};
			name = Debug;
		};
		C9B071151BDA8C8900A8DD1C /* Release */ = {
			isa = XCBuildConfiguration;
			buildSettings = {
				CLANG_ENABLE_MODULES = YES;
				INFOPLIST_FILE = DomainTests/Info.plist;
				LD_RUNPATH_SEARCH_PATHS = "$(inherited) @executable_path/Frameworks @loader_path/Frameworks";
				PRODUCT_BUNDLE_IDENTIFIER = rzeczy.DomainTests;
				PRODUCT_NAME = "$(TARGET_NAME)";
				SWIFT_OBJC_BRIDGING_HEADER = "DomainTests/DomainTests-Bridging-Header.h";
				TEST_HOST = "$(BUILT_PRODUCTS_DIR)/iTunesSearch.app/iTunesSearch";
			};
			name = Release;
		};
		C9B071361BDA8CAA00A8DD1C /* Debug */ = {
			isa = XCBuildConfiguration;
			buildSettings = {
				CURRENT_PROJECT_VERSION = 1;
				DEFINES_MODULE = YES;
				DYLIB_COMPATIBILITY_VERSION = 1;
				DYLIB_CURRENT_VERSION = 1;
				DYLIB_INSTALL_NAME_BASE = "@rpath";
				INFOPLIST_FILE = Presenters/Info.plist;
				INSTALL_PATH = "$(LOCAL_LIBRARY_DIR)/Frameworks";
				LD_RUNPATH_SEARCH_PATHS = "$(inherited) @executable_path/Frameworks @loader_path/Frameworks";
				PRODUCT_BUNDLE_IDENTIFIER = rzeczy.Presenters;
				PRODUCT_NAME = "$(TARGET_NAME)";
				SKIP_INSTALL = YES;
				VERSIONING_SYSTEM = "apple-generic";
				VERSION_INFO_PREFIX = "";
			};
			name = Debug;
		};
		C9B071371BDA8CAA00A8DD1C /* Release */ = {
			isa = XCBuildConfiguration;
			buildSettings = {
				CURRENT_PROJECT_VERSION = 1;
				DEFINES_MODULE = YES;
				DYLIB_COMPATIBILITY_VERSION = 1;
				DYLIB_CURRENT_VERSION = 1;
				DYLIB_INSTALL_NAME_BASE = "@rpath";
				INFOPLIST_FILE = Presenters/Info.plist;
				INSTALL_PATH = "$(LOCAL_LIBRARY_DIR)/Frameworks";
				LD_RUNPATH_SEARCH_PATHS = "$(inherited) @executable_path/Frameworks @loader_path/Frameworks";
				PRODUCT_BUNDLE_IDENTIFIER = rzeczy.Presenters;
				PRODUCT_NAME = "$(TARGET_NAME)";
				SKIP_INSTALL = YES;
				VERSIONING_SYSTEM = "apple-generic";
				VERSION_INFO_PREFIX = "";
			};
			name = Release;
		};
		C9B071391BDA8CAA00A8DD1C /* Debug */ = {
			isa = XCBuildConfiguration;
			buildSettings = {
				INFOPLIST_FILE = PresentersTests/Info.plist;
				LD_RUNPATH_SEARCH_PATHS = "$(inherited) @executable_path/Frameworks @loader_path/Frameworks";
				PRODUCT_BUNDLE_IDENTIFIER = rzeczy.PresentersTests;
				PRODUCT_NAME = "$(TARGET_NAME)";
				TEST_HOST = "$(BUILT_PRODUCTS_DIR)/iTunesSearch.app/iTunesSearch";
			};
			name = Debug;
		};
		C9B0713A1BDA8CAA00A8DD1C /* Release */ = {
			isa = XCBuildConfiguration;
			buildSettings = {
				INFOPLIST_FILE = PresentersTests/Info.plist;
				LD_RUNPATH_SEARCH_PATHS = "$(inherited) @executable_path/Frameworks @loader_path/Frameworks";
				PRODUCT_BUNDLE_IDENTIFIER = rzeczy.PresentersTests;
				PRODUCT_NAME = "$(TARGET_NAME)";
				TEST_HOST = "$(BUILT_PRODUCTS_DIR)/iTunesSearch.app/iTunesSearch";
			};
			name = Release;
		};
/* End XCBuildConfiguration section */

/* Begin XCConfigurationList section */
		C9B070C61BDA623600A8DD1C /* Build configuration list for PBXProject "iTunesSearch" */ = {
			isa = XCConfigurationList;
			buildConfigurations = (
				C9B070EE1BDA623600A8DD1C /* Debug */,
				C9B070EF1BDA623600A8DD1C /* Release */,
			);
			defaultConfigurationIsVisible = 0;
			defaultConfigurationName = Release;
		};
		C9B070F01BDA623600A8DD1C /* Build configuration list for PBXNativeTarget "iTunesSearch" */ = {
			isa = XCConfigurationList;
			buildConfigurations = (
				C9B070F11BDA623600A8DD1C /* Debug */,
				C9B070F21BDA623600A8DD1C /* Release */,
			);
			defaultConfigurationIsVisible = 0;
			defaultConfigurationName = Release;
		};
		C9B070F31BDA623600A8DD1C /* Build configuration list for PBXNativeTarget "iTunesSearchTests" */ = {
			isa = XCConfigurationList;
			buildConfigurations = (
				C9B070F41BDA623600A8DD1C /* Debug */,
				C9B070F51BDA623600A8DD1C /* Release */,
			);
			defaultConfigurationIsVisible = 0;
			defaultConfigurationName = Release;
		};
		C9B071161BDA8C8900A8DD1C /* Build configuration list for PBXNativeTarget "Domain" */ = {
			isa = XCConfigurationList;
			buildConfigurations = (
				C9B071121BDA8C8900A8DD1C /* Debug */,
				C9B071131BDA8C8900A8DD1C /* Release */,
			);
			defaultConfigurationIsVisible = 0;
		};
		C9B071181BDA8C8900A8DD1C /* Build configuration list for PBXNativeTarget "DomainTests" */ = {
			isa = XCConfigurationList;
			buildConfigurations = (
				C9B071141BDA8C8900A8DD1C /* Debug */,
				C9B071151BDA8C8900A8DD1C /* Release */,
			);
			defaultConfigurationIsVisible = 0;
		};
		C9B071351BDA8CAA00A8DD1C /* Build configuration list for PBXNativeTarget "Presenters" */ = {
			isa = XCConfigurationList;
			buildConfigurations = (
				C9B071361BDA8CAA00A8DD1C /* Debug */,
				C9B071371BDA8CAA00A8DD1C /* Release */,
			);
			defaultConfigurationIsVisible = 0;
		};
		C9B071381BDA8CAA00A8DD1C /* Build configuration list for PBXNativeTarget "PresentersTests" */ = {
			isa = XCConfigurationList;
			buildConfigurations = (
				C9B071391BDA8CAA00A8DD1C /* Debug */,
				C9B0713A1BDA8CAA00A8DD1C /* Release */,
			);
			defaultConfigurationIsVisible = 0;
		};
/* End XCConfigurationList section */
	};
	rootObject = C9B070C31BDA623600A8DD1C /* Project object */;
}
